PODS:
  - Alamofire (4.8.2)
  - AMScrollingNavbar (5.2.0)
  - BSImagePicker (3.2.1)
  - Charts (3.4.0):
    - Charts/Core (= 3.4.0)
  - Charts/Core (3.4.0)
  - CryptoSwift (1.3.1)
  - DropDown (2.3.13)
  - Firebase/Auth (6.21.0):
    - Firebase/CoreOnly
    - FirebaseAuth (~> 6.5.1)
  - Firebase/CoreOnly (6.21.0):
    - FirebaseCore (= 6.6.5)
  - Firebase/Messaging (6.21.0):
    - Firebase/CoreOnly
    - FirebaseMessaging (~> 4.3.0)
  - FirebaseAnalyticsInterop (1.5.0)
  - FirebaseAuth (6.5.1):
    - FirebaseAuthInterop (~> 1.0)
    - FirebaseCore (~> 6.6)
    - GoogleUtilities/AppDelegateSwizzler (~> 6.5)
    - GoogleUtilities/Environment (~> 6.5)
    - GTMSessionFetcher/Core (~> 1.1)
  - FirebaseAuthInterop (1.1.0)
  - FirebaseCore (6.6.5):
    - FirebaseCoreDiagnostics (~> 1.2)
    - FirebaseCoreDiagnosticsInterop (~> 1.2)
    - GoogleUtilities/Environment (~> 6.5)
    - GoogleUtilities/Logger (~> 6.5)
  - FirebaseCoreDiagnostics (1.2.2):
    - FirebaseCoreDiagnosticsInterop (~> 1.2)
    - GoogleDataTransportCCTSupport (~> 2.0)
    - GoogleUtilities/Environment (~> 6.5)
    - GoogleUtilities/Logger (~> 6.5)
    - nanopb (~> 0.3.901)
  - FirebaseCoreDiagnosticsInterop (1.2.0)
  - FirebaseInstallations (1.1.1):
    - FirebaseCore (~> 6.6)
    - GoogleUtilities/UserDefaults (~> 6.5)
    - PromisesObjC (~> 1.2)
  - FirebaseInstanceID (4.3.2):
    - FirebaseCore (~> 6.6)
    - FirebaseInstallations (~> 1.0)
    - GoogleUtilities/Environment (~> 6.5)
    - GoogleUtilities/UserDefaults (~> 6.5)
  - FirebaseMessaging (4.3.0):
    - FirebaseAnalyticsInterop (~> 1.5)
    - FirebaseCore (~> 6.6)
    - FirebaseInstanceID (~> 4.3)
    - GoogleUtilities/AppDelegateSwizzler (~> 6.5)
    - GoogleUtilities/Environment (~> 6.5)
    - GoogleUtilities/Reachability (~> 6.5)
    - GoogleUtilities/UserDefaults (~> 6.5)
    - Protobuf (>= 3.9.2, ~> 3.9)
  - FSCalendar (2.8.0)
  - Gallery (2.2.2)
  - GoogleDataTransport (5.1.0)
  - GoogleDataTransportCCTSupport (2.0.1):
    - GoogleDataTransport (~> 5.1)
    - nanopb (~> 0.3.901)
  - GoogleMaps (3.1.0):
    - GoogleMaps/Maps (= 3.1.0)
  - GoogleMaps/Base (3.1.0)
  - GoogleMaps/Maps (3.1.0):
    - GoogleMaps/Base
  - GooglePlaces (3.1.0):
    - GoogleMaps/Base (= 3.1.0)
  - GoogleUtilities/AppDelegateSwizzler (6.5.2):
    - GoogleUtilities/Environment
    - GoogleUtilities/Logger
    - GoogleUtilities/Network
  - GoogleUtilities/Environment (6.5.2)
  - GoogleUtilities/Logger (6.5.2):
    - GoogleUtilities/Environment
  - GoogleUtilities/Network (6.5.2):
    - GoogleUtilities/Logger
    - "GoogleUtilities/NSData+zlib"
    - GoogleUtilities/Reachability
  - "GoogleUtilities/NSData+zlib (6.5.2)"
  - GoogleUtilities/Reachability (6.5.2):
    - GoogleUtilities/Logger
  - GoogleUtilities/UserDefaults (6.5.2):
    - GoogleUtilities/Logger
  - GTMSessionFetcher/Core (1.3.1)
  - Hakawai (7.2.2):
    - Hakawai/Core (= 7.2.2)
    - Hakawai/Mentions (= 7.2.2)
  - Hakawai/Core (7.2.2)
  - Hakawai/Mentions (7.2.2):
    - Hakawai/Core
  - ImageCropper (0.1.4)
  - JJFloatingActionButton (2.5.0)
  - KMPlaceholderTextView (1.4.0)
  - nanopb (0.3.9011):
    - nanopb/decode (= 0.3.9011)
    - nanopb/encode (= 0.3.9011)
  - nanopb/decode (0.3.9011)
  - nanopb/encode (0.3.9011)
  - NVActivityIndicatorView (4.8.0):
    - NVActivityIndicatorView/Presenter (= 4.8.0)
  - NVActivityIndicatorView/Presenter (4.8.0)
  - ObjectMapper (3.4.2)
  - PaddingLabel (1.2)
  - PayUIndia-Custom-Browser (6.0)
  - PayUmoney_CoreSDK (4.1):
    - PayUIndia-Custom-Browser (~> 6.0)
  - PayUmoney_PnP (2.5.2):
    - PayUmoney_CoreSDK
  - PromisesObjC (1.2.8)
  - Protobuf (3.11.4)
  - SDWebImage (5.0.2):
    - SDWebImage/Core (= 5.0.2)
  - SDWebImage/Core (5.0.2)
  - SVPinView (1.0.7)
  - SwiftPhotoGallery (3.4.1)
  - SWRevealViewController (2.3.0)
  - TPKeyboardAvoiding (1.3.2)
  - WMSegmentControl (0.1.16)

DEPENDENCIES:
  - Alamofire
  - AMScrollingNavbar
  - BSImagePicker (~> 3.1)
  - Charts
  - CryptoSwift
  - DropDown
  - Firebase/Auth
  - Firebase/Messaging
  - FSCalendar
  - Gallery
  - GoogleMaps
  - GooglePlaces
  - Hakawai
  - ImageCropper
  - JJFloatingActionButton
  - KMPlaceholderTextView
  - NVActivityIndicatorView
  - ObjectMapper
  - PaddingLabel
  - PayUmoney_PnP
  - SDWebImage
  - SVPinView
  - SwiftPhotoGallery
  - SWRevealViewController
  - TPKeyboardAvoiding
  - WMSegmentControl

SPEC REPOS:
  trunk:
    - Alamofire
    - AMScrollingNavbar
    - BSImagePicker
    - Charts
    - CryptoSwift
    - DropDown
    - Firebase
    - FirebaseAnalyticsInterop
    - FirebaseAuth
    - FirebaseAuthInterop
    - FirebaseCore
    - FirebaseCoreDiagnostics
    - FirebaseCoreDiagnosticsInterop
    - FirebaseInstallations
    - FirebaseInstanceID
    - FirebaseMessaging
    - FSCalendar
    - Gallery
    - GoogleDataTransport
    - GoogleDataTransportCCTSupport
    - GoogleMaps
    - GooglePlaces
    - GoogleUtilities
    - GTMSessionFetcher
    - Hakawai
    - ImageCropper
    - JJFloatingActionButton
    - KMPlaceholderTextView
    - nanopb
    - NVActivityIndicatorView
    - ObjectMapper
    - PaddingLabel
    - PayUIndia-Custom-Browser
    - PayUmoney_CoreSDK
    - PayUmoney_PnP
    - PromisesObjC
    - Protobuf
    - SDWebImage
    - SVPinView
    - SwiftPhotoGallery
    - SWRevealViewController
    - TPKeyboardAvoiding
    - WMSegmentControl

SPEC CHECKSUMS:
  Alamofire: ae5c501addb7afdbb13687d7f2f722c78734c2d3
  AMScrollingNavbar: 9df3652d6757f1a24646d8e90cb458591d8b1a6a
  BSImagePicker: 5e87fe42526efdc3fe8ea23d6e4fac9eef43ecfb
  Charts: 74c9f256eaf0460c0c416522d1cf8c634ea6b286
  CryptoSwift: f12f037f6d0fcd6d48c96db0071b653de64e6c4d
  DropDown: 8a2116376c1981888557f72ec2ffc9a5e0e456ec
  Firebase: f378c80340dd41c0ad0914af740c021eb282a04b
  FirebaseAnalyticsInterop: 3f86269c38ae41f47afeb43ebf32a001f58fcdae
  FirebaseAuth: a6da11d78dfd956b7f7af3222a0f0b1c93ef8fc9
  FirebaseAuthInterop: a0f37ae05833af156e72028f648d313f7e7592e9
  FirebaseCore: 9f495d3afacb7b558711e6218ebb14b1c51b5802
  FirebaseCoreDiagnostics: e9b4cd8ba60dee0f2d13347332e4b7898cca5b61
  FirebaseCoreDiagnosticsInterop: 296e2c5f5314500a850ad0b83e9e7c10b011a850
  FirebaseInstallations: acb3216eb9784d3b1d2d2d635ff74fa892cc0c44
  FirebaseInstanceID: 7ee0d6777013bb952f377b41965bf132b6a075be
  FirebaseMessaging: 4ec33842d36b3319e062e51fb8b35a74f726950d
  FSCalendar: 3a5ed3636e2ba1b83ebebfcf0c2603105a6f5efe
  Gallery: 634ea7d58b93fcb8e787a846febac73ec354e7d9
  GoogleDataTransport: b29a21d813e906014ca16c00897827e40e4a24ab
  GoogleDataTransportCCTSupport: 6f15a89b0ca35d6fa523e1f752ef818588885988
  GoogleMaps: 5c13302e6fe6bb6e686b267196586b91cd594225
  GooglePlaces: e874db179f2675c4f3eeda0b686b540273a578b0
  GoogleUtilities: ad0f3b691c67909d03a3327cc205222ab8f42e0e
  GTMSessionFetcher: cea130bbfe5a7edc8d06d3f0d17288c32ffe9925
  Hakawai: 0c5a7231a2d6cad1e118f15cd563ba298a55d4c1
  ImageCropper: 7ca8e4aeabc5c46cdad9a7547d661535de4b5292
  JJFloatingActionButton: fdc3aefb0f28f04d0f988fa25d5fac97028a9ea7
  KMPlaceholderTextView: 2206c3df39979e9396e2d96fa9f427a8951121b0
  nanopb: 18003b5e52dab79db540fe93fe9579f399bd1ccd
  NVActivityIndicatorView: d24b7ebcf80af5dcd994adb650e2b6c93379270f
  ObjectMapper: 0d4402610f4e468903ae64629eec4784531e5c51
  PaddingLabel: 21ab5282c780366018b04c30e3920c2f55a2fd14
  PayUIndia-Custom-Browser: 61097aa039fdf579193cf8cf8ecfe6d81574966d
  PayUmoney_CoreSDK: ba7f43dabacec2658dcceda0cf9d957bd1d826ac
  PayUmoney_PnP: 322171ad495ee6d925bdbc013feced0b77433ad9
  PromisesObjC: c119f3cd559f50b7ae681fa59dc1acd19173b7e6
  Protobuf: 176220c526ad8bd09ab1fb40a978eac3fef665f7
  SDWebImage: 6764b5fa0f73c203728052955dbefa2bf1f33282
  SVPinView: 6c1da57e4a1273298802f460c60511ba10f7c831
  SwiftPhotoGallery: 795b79e2596beb160fb978e232603da0811006ce
  SWRevealViewController: 6d3fd97f70112fd7cef9de14df4260eacce4c63a
  TPKeyboardAvoiding: cb69d5ddbe90ce0170e4bc2db1e5e41d4a3ad9a4
  WMSegmentControl: 828fc1c3cdc9be84d4786aa15e61bd03342294ea

PODFILE CHECKSUM: f7ee14347015816d971610b35c31845e63b70152

COCOAPODS: 1.9.3
